
Microsoft Visual Studio Solution File, Format Version 12.00
Project("{FAE04EC0-301F-11D3-BF4B-00C04F79EFBC}") = "IdentityService", "IdentityService\IdentityService.csproj", "{96CF9601-4A5D-4E97-932B-D2EF737466B0}"
EndProject
Project("{FAE04EC0-301F-11D3-BF4B-00C04F79EFBC}") = "IdentityService.DataAccess", "IdentityService.DataAccess\IdentityService.DataAccess.csproj", "{405E1C20-AEA0-4311-AC31-8BCA8DFF1175}"
EndProject
Project("{FAE04EC0-301F-11D3-BF4B-00C04F79EFBC}") = "IdentityService.DataAccess.Database", "IdentityService.DataAccess.Database\IdentityService.DataAccess.Database.csproj", "{22AC4A67-6641-491A-90AB-2A512AB1DD66}"
EndProject
Project("{FAE04EC0-301F-11D3-BF4B-00C04F79EFBC}") = "IdentityService.Web", "IdentityService.Web\IdentityService.Web.csproj", "{CB6D1C0D-0BA9-40B5-9BCC-70E3DA73804C}"
EndProject
Project("{2150E333-8FDC-42A3-9474-1A3956D46DE8}") = "Solutions", "Solutions", "{BC8631B2-939B-44CD-92E5-11481FEC8BE6}"
EndProject
Project("{2150E333-8FDC-42A3-9474-1A3956D46DE8}") = "Tests", "Tests", "{BEA50D58-DEE0-4428-A508-CBA7CCF457CB}"
EndProject
Project("{FAE04EC0-301F-11D3-BF4B-00C04F79EFBC}") = "IdentityService.DataAccess.Database.Tests", "IdentityService.DataAccess.Database.Tests\IdentityService.DataAccess.Database.Tests.csproj", "{F6ABE397-0CBF-4B20-8019-88BF895E6251}"
EndProject
Project("{FAE04EC0-301F-11D3-BF4B-00C04F79EFBC}") = "IdentityService.BusinessLogic", "IdentityService.BusinessLogic\IdentityService.BusinessLogic.csproj", "{E53F0EBD-DC5C-443A-94BE-AA9158823DE9}"
EndProject
Global
	GlobalSection(SolutionConfigurationPlatforms) = preSolution
		Debug|Any CPU = Debug|Any CPU
		Release|Any CPU = Release|Any CPU
	EndGlobalSection
	GlobalSection(ProjectConfigurationPlatforms) = postSolution
		{96CF9601-4A5D-4E97-932B-D2EF737466B0}.Debug|Any CPU.ActiveCfg = Debug|Any CPU
		{96CF9601-4A5D-4E97-932B-D2EF737466B0}.Debug|Any CPU.Build.0 = Debug|Any CPU
		{96CF9601-4A5D-4E97-932B-D2EF737466B0}.Release|Any CPU.ActiveCfg = Release|Any CPU
		{96CF9601-4A5D-4E97-932B-D2EF737466B0}.Release|Any CPU.Build.0 = Release|Any CPU
		{405E1C20-AEA0-4311-AC31-8BCA8DFF1175}.Debug|Any CPU.ActiveCfg = Debug|Any CPU
		{405E1C20-AEA0-4311-AC31-8BCA8DFF1175}.Debug|Any CPU.Build.0 = Debug|Any CPU
		{405E1C20-AEA0-4311-AC31-8BCA8DFF1175}.Release|Any CPU.ActiveCfg = Release|Any CPU
		{405E1C20-AEA0-4311-AC31-8BCA8DFF1175}.Release|Any CPU.Build.0 = Release|Any CPU
		{22AC4A67-6641-491A-90AB-2A512AB1DD66}.Debug|Any CPU.ActiveCfg = Debug|Any CPU
		{22AC4A67-6641-491A-90AB-2A512AB1DD66}.Debug|Any CPU.Build.0 = Debug|Any CPU
		{22AC4A67-6641-491A-90AB-2A512AB1DD66}.Release|Any CPU.ActiveCfg = Release|Any CPU
		{22AC4A67-6641-491A-90AB-2A512AB1DD66}.Release|Any CPU.Build.0 = Release|Any CPU
		{CB6D1C0D-0BA9-40B5-9BCC-70E3DA73804C}.Debug|Any CPU.ActiveCfg = Debug|Any CPU
		{CB6D1C0D-0BA9-40B5-9BCC-70E3DA73804C}.Debug|Any CPU.Build.0 = Debug|Any CPU
		{CB6D1C0D-0BA9-40B5-9BCC-70E3DA73804C}.Release|Any CPU.ActiveCfg = Release|Any CPU
		{CB6D1C0D-0BA9-40B5-9BCC-70E3DA73804C}.Release|Any CPU.Build.0 = Release|Any CPU
		{F6ABE397-0CBF-4B20-8019-88BF895E6251}.Debug|Any CPU.ActiveCfg = Debug|Any CPU
		{F6ABE397-0CBF-4B20-8019-88BF895E6251}.Debug|Any CPU.Build.0 = Debug|Any CPU
		{F6ABE397-0CBF-4B20-8019-88BF895E6251}.Release|Any CPU.ActiveCfg = Release|Any CPU
		{F6ABE397-0CBF-4B20-8019-88BF895E6251}.Release|Any CPU.Build.0 = Release|Any CPU
		{E53F0EBD-DC5C-443A-94BE-AA9158823DE9}.Debug|Any CPU.ActiveCfg = Debug|Any CPU
		{E53F0EBD-DC5C-443A-94BE-AA9158823DE9}.Debug|Any CPU.Build.0 = Debug|Any CPU
		{E53F0EBD-DC5C-443A-94BE-AA9158823DE9}.Release|Any CPU.ActiveCfg = Release|Any CPU
		{E53F0EBD-DC5C-443A-94BE-AA9158823DE9}.Release|Any CPU.Build.0 = Release|Any CPU
	EndGlobalSection
	GlobalSection(NestedProjects) = preSolution
		{96CF9601-4A5D-4E97-932B-D2EF737466B0} = {BC8631B2-939B-44CD-92E5-11481FEC8BE6}
		{405E1C20-AEA0-4311-AC31-8BCA8DFF1175} = {BC8631B2-939B-44CD-92E5-11481FEC8BE6}
		{22AC4A67-6641-491A-90AB-2A512AB1DD66} = {BC8631B2-939B-44CD-92E5-11481FEC8BE6}
		{CB6D1C0D-0BA9-40B5-9BCC-70E3DA73804C} = {BC8631B2-939B-44CD-92E5-11481FEC8BE6}
		{F6ABE397-0CBF-4B20-8019-88BF895E6251} = {BEA50D58-DEE0-4428-A508-CBA7CCF457CB}
		{E53F0EBD-DC5C-443A-94BE-AA9158823DE9} = {BC8631B2-939B-44CD-92E5-11481FEC8BE6}
	EndGlobalSection
EndGlobal
